Microsoft Visual Studio Solution File, Format Version 12.00
# Visual Studio Version 17
VisualStudioVersion = 17.5.2.0
MinimumVisualStudioVersion = 10.0.40219.1
Project("{FAE04EC0-301F-11D3-BF4B-00C04F79EFBC}") = "SVNexus", "SVNexus.csproj", "{FC87A4E4-89BB-E09A-A1D7-1CDA764341B7}"
EndProject
Global
	GlobalSection(SolutionConfigurationPlatforms) = preSolution
		Debug|Any CPU = Debug|Any CPU
		Release|Any CPU = Release|Any CPU
	EndGlobalSection
	GlobalSection(ProjectConfigurationPlatforms) = postSolution
		{FC87A4E4-89BB-E09A-A1D7-1CDA764341B7}.Debug|Any CPU.ActiveCfg = Debug|Any CPU
		{FC87A4E4-89BB-E09A-A1D7-1CDA764341B7}.Debug|Any CPU.Build.0 = Debug|Any CPU
		{FC87A4E4-89BB-E09A-A1D7-1CDA764341B7}.Release|Any CPU.ActiveCfg = Release|Any CPU
		{FC87A4E4-89BB-E09A-A1D7-1CDA764341B7}.Release|Any CPU.Build.0 = Release|Any CPU
	EndGlobalSection
	GlobalSection(SolutionProperties) = preSolution
		HideSolutionNode = FALSE
	EndGlobalSection
	GlobalSection(ExtensibilityGlobals) = postSolution
		SolutionGuid = {AEE7BEC6-6521-41C5-A8A5-39B8B64CAB59}
	EndGlobalSection
EndGlobal
